version = 1
requires-python = ">=3.13"

[[package]]
name = "beaver-db"
version = "0.16.5"
source = { registry = "https://pypi.org/simple" }
sdist = { url = "https://files.pythonhosted.org/packages/d8/e3/a685fb5940174cc2cc3f0d266e3af48215f3d1e597ece88229e18d70aaaa/beaver_db-0.16.5.tar.gz", hash = "sha256:10c90022812dbc003e9c8ada8104fe19c6318d5c001a78b807540494080889d2", size = 37777 }
wheels = [
    { url = "https://files.pythonhosted.org/packages/87/cc/2b0739ed3ffe5f029e48efbab001b109683b293484c91e6afdeb6354be47/beaver_db-0.16.5-py3-none-any.whl", hash = "sha256:18ba1290738e21b0b1d500fdf8b3684361a4efad3cb1d35c5d0a86d5aff51a3f", size = 36547 },
]

[[package]]
name = "castor-io"
version = "0.1.1"
source = { editable = "." }
dependencies = [
    { name = "beaver-db" },
]

[package.metadata]
requires-dist = [{ name = "beaver-db", specifier = ">=0.16.5" }]
